{
  "version": 4,
  "terraform_version": "1.11.3",
  "serial": 8,
  "lineage": "3fda3cb1-1b02-2e45-e0d5-d0ccb6c116d9",
  "outputs": {},
  "resources": [
    {
      "mode": "managed",
      "type": "azurerm_linux_web_app",
      "name": "api",
      "provider": "provider[\"registry.terraform.io/hashicorp/azurerm\"]",
      "instances": [
        {
          "schema_version": 1,
          "attributes": {
            "app_settings": {
              "ASPNETCORE_ENVIRONMENT": "Dev",
              "ConnectionStrings__DefaultConnection": "Server=tcp:ga-cd-lab-sql-dev.database.windows.net,1433;Initial Catalog=ga-cd-lab-db-dev;Persist Security Info=False;User ID=sqladmin;Password=P@ssw0rd1234!;MultipleActiveResultSets=False;Encrypt=True;TrustServerCertificate=False;Connection Timeout=30;",
              "ENVIRONMENT": "dev"
            },
            "auth_settings": [],
            "auth_settings_v2": [],
            "backup": [],
            "client_affinity_enabled": false,
            "client_certificate_enabled": false,
            "client_certificate_exclusion_paths": "",
            "client_certificate_mode": "Required",
            "connection_string": [],
            "custom_domain_verification_id": "9532B727D9EEB79C7584F45DA9022B0D29422577985BB9789A4E6F0C42501A44",
            "default_hostname": "ga-cd-lab-api-dev.azurewebsites.net",
            "enabled": true,
            "ftp_publish_basic_authentication_enabled": true,
            "hosting_environment_id": "",
            "https_only": true,
            "id": "/subscriptions/8e2a670b-c219-4cb3-80d8-ed6127d2930f/resourceGroups/ga-cd-lab-dev/providers/Microsoft.Web/sites/ga-cd-lab-api-dev",
            "identity": [],
            "key_vault_reference_identity_id": "SystemAssigned",
            "kind": "app,linux",
            "location": "westeurope",
            "logs": [],
            "name": "ga-cd-lab-api-dev",
            "outbound_ip_address_list": [
              "20.238.228.211",
              "20.238.228.212",
              "20.238.229.29",
              "20.238.229.32",
              "20.238.229.92",
              "20.238.229.99",
              "20.31.156.230",
              "20.31.157.168",
              "20.31.158.245",
              "20.31.159.200",
              "20.238.224.99",
              "20.238.224.136",
              "20.105.232.38"
            ],
            "outbound_ip_addresses": "20.238.228.211,20.238.228.212,20.238.229.29,20.238.229.32,20.238.229.92,20.238.229.99,20.31.156.230,20.31.157.168,20.31.158.245,20.31.159.200,20.238.224.99,20.238.224.136,20.105.232.38",
            "possible_outbound_ip_address_list": [
              "20.238.228.211",
              "20.238.228.212",
              "20.238.229.29",
              "20.238.229.32",
              "20.238.229.92",
              "20.238.229.99",
              "20.31.156.230",
              "20.31.157.168",
              "20.31.158.245",
              "20.31.159.200",
              "20.238.224.99",
              "20.238.224.136",
              "20.238.224.154",
              "20.238.225.101",
              "20.238.225.130",
              "20.238.226.26",
              "20.238.226.173",
              "20.238.227.21",
              "20.238.228.34",
              "20.238.228.51",
              "20.238.228.136",
              "20.238.228.147",
              "20.238.228.184",
              "20.238.228.189",
              "20.238.230.36",
              "20.238.231.51",
              "20.238.231.58",
              "20.238.231.190",
              "20.8.152.130",
              "20.8.152.233",
              "20.105.232.38"
            ],
            "possible_outbound_ip_addresses": "20.238.228.211,20.238.228.212,20.238.229.29,20.238.229.32,20.238.229.92,20.238.229.99,20.31.156.230,20.31.157.168,20.31.158.245,20.31.159.200,20.238.224.99,20.238.224.136,20.238.224.154,20.238.225.101,20.238.225.130,20.238.226.26,20.238.226.173,20.238.227.21,20.238.228.34,20.238.228.51,20.238.228.136,20.238.228.147,20.238.228.184,20.238.228.189,20.238.230.36,20.238.231.51,20.238.231.58,20.238.231.190,20.8.152.130,20.8.152.233,20.105.232.38",
            "public_network_access_enabled": true,
            "resource_group_name": "ga-cd-lab-dev",
            "service_plan_id": "/subscriptions/8e2a670b-c219-4cb3-80d8-ed6127d2930f/resourceGroups/ga-cd-lab-dev/providers/Microsoft.Web/serverFarms/ga-cd-lab-asp-dev",
            "site_config": [
              {
                "always_on": false,
                "api_definition_url": "",
                "api_management_api_id": "",
                "app_command_line": "",
                "application_stack": [
                  {
                    "docker_image_name": "",
                    "docker_registry_password": "",
                    "docker_registry_url": "",
                    "docker_registry_username": "",
                    "dotnet_version": "9.0",
                    "go_version": "",
                    "java_server": "",
                    "java_server_version": "",
                    "java_version": "",
                    "node_version": "",
                    "php_version": "",
                    "python_version": "",
                    "ruby_version": ""
                  }
                ],
                "auto_heal_setting": [],
                "container_registry_managed_identity_client_id": "",
                "container_registry_use_managed_identity": false,
                "cors": [
                  {
                    "allowed_origins": [
                      "https://ga-cd-lab-app-dev.azurewebsites.net"
                    ],
                    "support_credentials": false
                  }
                ],
                "default_documents": [
                  "Default.htm",
                  "Default.html",
                  "Default.asp",
                  "index.htm",
                  "index.html",
                  "iisstart.htm",
                  "default.aspx",
                  "index.php",
                  "hostingstart.html"
                ],
                "detailed_error_logging_enabled": false,
                "ftps_state": "Disabled",
                "health_check_eviction_time_in_min": 0,
                "health_check_path": "",
                "http2_enabled": false,
                "ip_restriction": [],
                "ip_restriction_default_action": "Allow",
                "linux_fx_version": "DOTNETCORE|9.0",
                "load_balancing_mode": "LeastRequests",
                "local_mysql_enabled": false,
                "managed_pipeline_mode": "Integrated",
                "minimum_tls_version": "1.2",
                "remote_debugging_enabled": false,
                "remote_debugging_version": "VS2022",
                "scm_ip_restriction": [],
                "scm_ip_restriction_default_action": "Allow",
                "scm_minimum_tls_version": "1.2",
                "scm_type": "None",
                "scm_use_main_ip_restriction": false,
                "use_32_bit_worker": true,
                "vnet_route_all_enabled": false,
                "websockets_enabled": false,
                "worker_count": 1
              }
            ],
            "site_credential": [
              {
                "name": "$ga-cd-lab-api-dev",
                "password": "j92GKamlRCS8ER5hC241caYrs1ENr8ip41FA5v3FlF6FbQ6o5C735MKBkavu"
              }
            ],
            "sticky_settings": [],
            "storage_account": [],
            "tags": {
              "Environment": "dev"
            },
            "timeouts": null,
            "virtual_network_backup_restore_enabled": false,
            "virtual_network_subnet_id": "",
            "webdeploy_publish_basic_authentication_enabled": true,
            "zip_deploy_file": ""
          },
          "sensitive_attributes": [
            [
              {
                "type": "get_attr",
                "value": "site_config"
              },
              {
                "type": "index",
                "value": {
                  "value": 0,
                  "type": "number"
                }
              },
              {
                "type": "get_attr",
                "value": "application_stack"
              },
              {
                "type": "index",
                "value": {
                  "value": 0,
                  "type": "number"
                }
              },
              {
                "type": "get_attr",
                "value": "docker_registry_password"
              }
            ],
            [
              {
                "type": "get_attr",
                "value": "app_settings"
              },
              {
                "type": "index",
                "value": {
                  "value": "ConnectionStrings__DefaultConnection",
                  "type": "string"
                }
              }
            ],
            [
              {
                "type": "get_attr",
                "value": "site_credential"
              }
            ],
            [
              {
                "type": "get_attr",
                "value": "custom_domain_verification_id"
              }
            ]
          ],
          "private": "eyJlMmJmYjczMC1lY2FhLTExZTYtOGY4OC0zNDM2M2JjN2M0YzAiOnsiY3JlYXRlIjoxODAwMDAwMDAwMDAwLCJkZWxldGUiOjE4MDAwMDAwMDAwMDAsInJlYWQiOjMwMDAwMDAwMDAwMCwidXBkYXRlIjoxODAwMDAwMDAwMDAwfSwic2NoZW1hX3ZlcnNpb24iOiIxIn0=",
          "dependencies": [
            "azurerm_mssql_database.db",
            "azurerm_mssql_server.sql",
            "azurerm_resource_group.rg",
            "azurerm_service_plan.asp"
          ]
        }
      ]
    },
    {
      "mode": "managed",
      "type": "azurerm_linux_web_app",
      "name": "app",
      "provider": "provider[\"registry.terraform.io/hashicorp/azurerm\"]",
      "instances": [
        {
          "schema_version": 1,
          "attributes": {
            "app_settings": {
              "API_URL": "https://ga-cd-lab-api-dev.azurewebsites.net",
              "ENVIRONMENT": "dev"
            },
            "auth_settings": [],
            "auth_settings_v2": [],
            "backup": [],
            "client_affinity_enabled": false,
            "client_certificate_enabled": false,
            "client_certificate_exclusion_paths": "",
            "client_certificate_mode": "Required",
            "connection_string": [],
            "custom_domain_verification_id": "9532B727D9EEB79C7584F45DA9022B0D29422577985BB9789A4E6F0C42501A44",
            "default_hostname": "ga-cd-lab-app-dev.azurewebsites.net",
            "enabled": true,
            "ftp_publish_basic_authentication_enabled": true,
            "hosting_environment_id": "",
            "https_only": true,
            "id": "/subscriptions/8e2a670b-c219-4cb3-80d8-ed6127d2930f/resourceGroups/ga-cd-lab-dev/providers/Microsoft.Web/sites/ga-cd-lab-app-dev",
            "identity": [],
            "key_vault_reference_identity_id": "SystemAssigned",
            "kind": "app,linux",
            "location": "westeurope",
            "logs": [],
            "name": "ga-cd-lab-app-dev",
            "outbound_ip_address_list": [
              "20.238.228.211",
              "20.238.228.212",
              "20.238.229.29",
              "20.238.229.32",
              "20.238.229.92",
              "20.238.229.99",
              "20.31.156.230",
              "20.31.157.168",
              "20.31.158.245",
              "20.31.159.200",
              "20.238.224.99",
              "20.238.224.136",
              "20.105.232.38"
            ],
            "outbound_ip_addresses": "20.238.228.211,20.238.228.212,20.238.229.29,20.238.229.32,20.238.229.92,20.238.229.99,20.31.156.230,20.31.157.168,20.31.158.245,20.31.159.200,20.238.224.99,20.238.224.136,20.105.232.38",
            "possible_outbound_ip_address_list": [
              "20.238.228.211",
              "20.238.228.212",
              "20.238.229.29",
              "20.238.229.32",
              "20.238.229.92",
              "20.238.229.99",
              "20.31.156.230",
              "20.31.157.168",
              "20.31.158.245",
              "20.31.159.200",
              "20.238.224.99",
              "20.238.224.136",
              "20.238.224.154",
              "20.238.225.101",
              "20.238.225.130",
              "20.238.226.26",
              "20.238.226.173",
              "20.238.227.21",
              "20.238.228.34",
              "20.238.228.51",
              "20.238.228.136",
              "20.238.228.147",
              "20.238.228.184",
              "20.238.228.189",
              "20.238.230.36",
              "20.238.231.51",
              "20.238.231.58",
              "20.238.231.190",
              "20.8.152.130",
              "20.8.152.233",
              "20.105.232.38"
            ],
            "possible_outbound_ip_addresses": "20.238.228.211,20.238.228.212,20.238.229.29,20.238.229.32,20.238.229.92,20.238.229.99,20.31.156.230,20.31.157.168,20.31.158.245,20.31.159.200,20.238.224.99,20.238.224.136,20.238.224.154,20.238.225.101,20.238.225.130,20.238.226.26,20.238.226.173,20.238.227.21,20.238.228.34,20.238.228.51,20.238.228.136,20.238.228.147,20.238.228.184,20.238.228.189,20.238.230.36,20.238.231.51,20.238.231.58,20.238.231.190,20.8.152.130,20.8.152.233,20.105.232.38",
            "public_network_access_enabled": true,
            "resource_group_name": "ga-cd-lab-dev",
            "service_plan_id": "/subscriptions/8e2a670b-c219-4cb3-80d8-ed6127d2930f/resourceGroups/ga-cd-lab-dev/providers/Microsoft.Web/serverFarms/ga-cd-lab-asp-dev",
            "site_config": [
              {
                "always_on": false,
                "api_definition_url": "",
                "api_management_api_id": "",
                "app_command_line": "pm2 serve /home/site/wwwroot --no-daemon --spa",
                "application_stack": [
                  {
                    "docker_image_name": "",
                    "docker_registry_password": "",
                    "docker_registry_url": "",
                    "docker_registry_username": "",
                    "dotnet_version": "",
                    "go_version": "",
                    "java_server": "",
                    "java_server_version": "",
                    "java_version": "",
                    "node_version": "22-lts",
                    "php_version": "",
                    "python_version": "",
                    "ruby_version": ""
                  }
                ],
                "auto_heal_setting": [],
                "container_registry_managed_identity_client_id": "",
                "container_registry_use_managed_identity": false,
                "cors": [],
                "default_documents": [
                  "Default.htm",
                  "Default.html",
                  "Default.asp",
                  "index.htm",
                  "index.html",
                  "iisstart.htm",
                  "default.aspx",
                  "index.php",
                  "hostingstart.html"
                ],
                "detailed_error_logging_enabled": false,
                "ftps_state": "Disabled",
                "health_check_eviction_time_in_min": 0,
                "health_check_path": "",
                "http2_enabled": false,
                "ip_restriction": [],
                "ip_restriction_default_action": "Allow",
                "linux_fx_version": "NODE|22-lts",
                "load_balancing_mode": "LeastRequests",
                "local_mysql_enabled": false,
                "managed_pipeline_mode": "Integrated",
                "minimum_tls_version": "1.2",
                "remote_debugging_enabled": false,
                "remote_debugging_version": "VS2022",
                "scm_ip_restriction": [],
                "scm_ip_restriction_default_action": "Allow",
                "scm_minimum_tls_version": "1.2",
                "scm_type": "None",
                "scm_use_main_ip_restriction": false,
                "use_32_bit_worker": true,
                "vnet_route_all_enabled": false,
                "websockets_enabled": false,
                "worker_count": 1
              }
            ],
            "site_credential": [
              {
                "name": "$ga-cd-lab-app-dev",
                "password": "kCqcsq9gHvyRK8rl5ba1mb7XteeMBHaaxugtjFxSp0Glbvsv0fPaLpHBLw8u"
              }
            ],
            "sticky_settings": [],
            "storage_account": [],
            "tags": {
              "Environment": "dev"
            },
            "timeouts": null,
            "virtual_network_backup_restore_enabled": false,
            "virtual_network_subnet_id": "",
            "webdeploy_publish_basic_authentication_enabled": true,
            "zip_deploy_file": ""
          },
          "sensitive_attributes": [
            [
              {
                "type": "get_attr",
                "value": "custom_domain_verification_id"
              }
            ],
            [
              {
                "type": "get_attr",
                "value": "site_credential"
              }
            ],
            [
              {
                "type": "get_attr",
                "value": "site_config"
              },
              {
                "type": "index",
                "value": {
                  "value": 0,
                  "type": "number"
                }
              },
              {
                "type": "get_attr",
                "value": "application_stack"
              },
              {
                "type": "index",
                "value": {
                  "value": 0,
                  "type": "number"
                }
              },
              {
                "type": "get_attr",
                "value": "docker_registry_password"
              }
            ]
          ],
          "private": "eyJlMmJmYjczMC1lY2FhLTExZTYtOGY4OC0zNDM2M2JjN2M0YzAiOnsiY3JlYXRlIjoxODAwMDAwMDAwMDAwLCJkZWxldGUiOjE4MDAwMDAwMDAwMDAsInJlYWQiOjMwMDAwMDAwMDAwMCwidXBkYXRlIjoxODAwMDAwMDAwMDAwfSwic2NoZW1hX3ZlcnNpb24iOiIxIn0=",
          "dependencies": [
            "azurerm_linux_web_app.api",
            "azurerm_mssql_database.db",
            "azurerm_mssql_server.sql",
            "azurerm_resource_group.rg",
            "azurerm_service_plan.asp"
          ]
        }
      ]
    },
    {
      "mode": "managed",
      "type": "azurerm_mssql_database",
      "name": "db",
      "provider": "provider[\"registry.terraform.io/hashicorp/azurerm\"]",
      "instances": [
        {
          "schema_version": 1,
          "attributes": {
            "auto_pause_delay_in_minutes": 0,
            "collation": "SQL_Latin1_General_CP1_CI_AS",
            "create_mode": "Default",
            "creation_source_database_id": null,
            "elastic_pool_id": "",
            "enclave_type": "",
            "geo_backup_enabled": true,
            "id": "/subscriptions/8e2a670b-c219-4cb3-80d8-ed6127d2930f/resourceGroups/ga-cd-lab-dev/providers/Microsoft.Sql/servers/ga-cd-lab-sql-dev/databases/ga-cd-lab-db-dev",
            "identity": [],
            "import": [],
            "ledger_enabled": false,
            "license_type": "LicenseIncluded",
            "long_term_retention_policy": [
              {
                "immutable_backups_enabled": false,
                "monthly_retention": "PT0S",
                "week_of_year": 1,
                "weekly_retention": "PT0S",
                "yearly_retention": "PT0S"
              }
            ],
            "maintenance_configuration_name": "SQL_Default",
            "max_size_gb": 2,
            "min_capacity": 0,
            "name": "ga-cd-lab-db-dev",
            "read_replica_count": 0,
            "read_scale": false,
            "recover_database_id": null,
            "recovery_point_id": null,
            "restore_dropped_database_id": null,
            "restore_long_term_retention_backup_id": null,
            "restore_point_in_time": null,
            "sample_name": null,
            "secondary_type": "",
            "server_id": "/subscriptions/8e2a670b-c219-4cb3-80d8-ed6127d2930f/resourceGroups/ga-cd-lab-dev/providers/Microsoft.Sql/servers/ga-cd-lab-sql-dev",
            "short_term_retention_policy": [
              {
                "backup_interval_in_hours": 24,
                "retention_days": 7
              }
            ],
            "sku_name": "Basic",
            "storage_account_type": "Geo",
            "tags": {
              "Environment": "dev"
            },
            "threat_detection_policy": [
              {
                "disabled_alerts": [],
                "email_account_admins": "Disabled",
                "email_addresses": [],
                "retention_days": 0,
                "state": "Disabled",
                "storage_account_access_key": "",
                "storage_endpoint": ""
              }
            ],
            "timeouts": null,
            "transparent_data_encryption_enabled": true,
            "transparent_data_encryption_key_automatic_rotation_enabled": false,
            "transparent_data_encryption_key_vault_key_id": "",
            "zone_redundant": false
          },
          "sensitive_attributes": [
            [
              {
                "type": "get_attr",
                "value": "threat_detection_policy"
              },
              {
                "type": "index",
                "value": {
                  "value": 0,
                  "type": "number"
                }
              },
              {
                "type": "get_attr",
                "value": "storage_account_access_key"
              }
            ]
          ],
          "private": "eyJlMmJmYjczMC1lY2FhLTExZTYtOGY4OC0zNDM2M2JjN2M0YzAiOnsiY3JlYXRlIjozNjAwMDAwMDAwMDAwLCJkZWxldGUiOjM2MDAwMDAwMDAwMDAsInJlYWQiOjMwMDAwMDAwMDAwMCwidXBkYXRlIjozNjAwMDAwMDAwMDAwfSwic2NoZW1hX3ZlcnNpb24iOiIxIn0=",
          "dependencies": [
            "azurerm_mssql_server.sql",
            "azurerm_resource_group.rg"
          ]
        }
      ]
    },
    {
      "mode": "managed",
      "type": "azurerm_mssql_firewall_rule",
      "name": "allow_azure_services",
      "provider": "provider[\"registry.terraform.io/hashicorp/azurerm\"]",
      "instances": [
        {
          "schema_version": 0,
          "attributes": {
            "end_ip_address": "0.0.0.0",
            "id": "/subscriptions/8e2a670b-c219-4cb3-80d8-ed6127d2930f/resourceGroups/ga-cd-lab-dev/providers/Microsoft.Sql/servers/ga-cd-lab-sql-dev/firewallRules/AllowAzureServices",
            "name": "AllowAzureServices",
            "server_id": "/subscriptions/8e2a670b-c219-4cb3-80d8-ed6127d2930f/resourceGroups/ga-cd-lab-dev/providers/Microsoft.Sql/servers/ga-cd-lab-sql-dev",
            "start_ip_address": "0.0.0.0",
            "timeouts": null
          },
          "sensitive_attributes": [],
          "private": "eyJlMmJmYjczMC1lY2FhLTExZTYtOGY4OC0zNDM2M2JjN2M0YzAiOnsiY3JlYXRlIjoxODAwMDAwMDAwMDAwLCJkZWxldGUiOjE4MDAwMDAwMDAwMDAsInJlYWQiOjMwMDAwMDAwMDAwMCwidXBkYXRlIjoxODAwMDAwMDAwMDAwfX0=",
          "dependencies": [
            "azurerm_mssql_server.sql",
            "azurerm_resource_group.rg"
          ]
        }
      ]
    },
    {
      "mode": "managed",
      "type": "azurerm_mssql_server",
      "name": "sql",
      "provider": "provider[\"registry.terraform.io/hashicorp/azurerm\"]",
      "instances": [
        {
          "schema_version": 0,
          "attributes": {
            "administrator_login": "sqladmin",
            "administrator_login_password": "P@ssw0rd1234!",
            "administrator_login_password_wo": null,
            "administrator_login_password_wo_version": 0,
            "azuread_administrator": [],
            "connection_policy": "Default",
            "fully_qualified_domain_name": "ga-cd-lab-sql-dev.database.windows.net",
            "id": "/subscriptions/8e2a670b-c219-4cb3-80d8-ed6127d2930f/resourceGroups/ga-cd-lab-dev/providers/Microsoft.Sql/servers/ga-cd-lab-sql-dev",
            "identity": [],
            "location": "westeurope",
            "minimum_tls_version": "1.2",
            "name": "ga-cd-lab-sql-dev",
            "outbound_network_restriction_enabled": false,
            "primary_user_assigned_identity_id": "",
            "public_network_access_enabled": true,
            "resource_group_name": "ga-cd-lab-dev",
            "restorable_dropped_database_ids": [],
            "tags": {
              "Environment": "dev"
            },
            "timeouts": null,
            "transparent_data_encryption_key_vault_key_id": "",
            "version": "12.0"
          },
          "sensitive_attributes": [
            [
              {
                "type": "get_attr",
                "value": "administrator_login_password"
              }
            ],
            [
              {
                "type": "get_attr",
                "value": "administrator_login_password_wo"
              }
            ]
          ],
          "private": "eyJlMmJmYjczMC1lY2FhLTExZTYtOGY4OC0zNDM2M2JjN2M0YzAiOnsiY3JlYXRlIjozNjAwMDAwMDAwMDAwLCJkZWxldGUiOjM2MDAwMDAwMDAwMDAsInJlYWQiOjMwMDAwMDAwMDAwMCwidXBkYXRlIjozNjAwMDAwMDAwMDAwfX0=",
          "dependencies": [
            "azurerm_resource_group.rg"
          ]
        }
      ]
    },
    {
      "mode": "managed",
      "type": "azurerm_resource_group",
      "name": "rg",
      "provider": "provider[\"registry.terraform.io/hashicorp/azurerm\"]",
      "instances": [
        {
          "schema_version": 0,
          "attributes": {
            "id": "/subscriptions/8e2a670b-c219-4cb3-80d8-ed6127d2930f/resourceGroups/ga-cd-lab-dev",
            "location": "westeurope",
            "managed_by": "",
            "name": "ga-cd-lab-dev",
            "tags": {
              "Environment": "dev"
            },
            "timeouts": null
          },
          "sensitive_attributes": [],
          "private": "eyJlMmJmYjczMC1lY2FhLTExZTYtOGY4OC0zNDM2M2JjN2M0YzAiOnsiY3JlYXRlIjo1NDAwMDAwMDAwMDAwLCJkZWxldGUiOjU0MDAwMDAwMDAwMDAsInJlYWQiOjMwMDAwMDAwMDAwMCwidXBkYXRlIjo1NDAwMDAwMDAwMDAwfX0="
        }
      ]
    },
    {
      "mode": "managed",
      "type": "azurerm_service_plan",
      "name": "asp",
      "provider": "provider[\"registry.terraform.io/hashicorp/azurerm\"]",
      "instances": [
        {
          "schema_version": 1,
          "attributes": {
            "app_service_environment_id": "",
            "id": "/subscriptions/8e2a670b-c219-4cb3-80d8-ed6127d2930f/resourceGroups/ga-cd-lab-dev/providers/Microsoft.Web/serverFarms/ga-cd-lab-asp-dev",
            "kind": "linux",
            "location": "westeurope",
            "maximum_elastic_worker_count": 1,
            "name": "ga-cd-lab-asp-dev",
            "os_type": "Linux",
            "per_site_scaling_enabled": false,
            "premium_plan_auto_scale_enabled": false,
            "reserved": true,
            "resource_group_name": "ga-cd-lab-dev",
            "sku_name": "F1",
            "tags": {
              "Environment": "dev"
            },
            "timeouts": null,
            "worker_count": 1,
            "zone_balancing_enabled": false
          },
          "sensitive_attributes": [],
          "private": "eyJlMmJmYjczMC1lY2FhLTExZTYtOGY4OC0zNDM2M2JjN2M0YzAiOnsiY3JlYXRlIjozNjAwMDAwMDAwMDAwLCJkZWxldGUiOjM2MDAwMDAwMDAwMDAsInJlYWQiOjMwMDAwMDAwMDAwMCwidXBkYXRlIjozNjAwMDAwMDAwMDAwfSwic2NoZW1hX3ZlcnNpb24iOiIxIn0=",
          "dependencies": [
            "azurerm_resource_group.rg"
          ]
        }
      ]
    }
  ],
  "check_results": null
}
